
Microsoft Visual Studio Solution File, Format Version 12.00
# Visual Studio Version 17
VisualStudioVersion = 17.8.34330.188
MinimumVisualStudioVersion = 10.0.40219.1
Project("{FAE04EC0-301F-11D3-BF4B-00C04F79EFBC}") = "Student_Registration", "Student_Registration.csproj", "{1887BA8E-5ACD-4CE8-9432-6D1BDD86EB59}"
EndProject
Global
	GlobalSection(SolutionConfigurationPlatforms) = preSolution
		Debug|Any CPU = Debug|Any CPU
		Release|Any CPU = Release|Any CPU
	EndGlobalSection
	GlobalSection(ProjectConfigurationPlatforms) = postSolution
		{1887BA8E-5ACD-4CE8-9432-6D1BDD86EB59}.Debug|Any CPU.ActiveCfg = Debug|Any CPU
		{1887BA8E-5ACD-4CE8-9432-6D1BDD86EB59}.Debug|Any CPU.Build.0 = Debug|Any CPU
		{1887BA8E-5ACD-4CE8-9432-6D1BDD86EB59}.Release|Any CPU.ActiveCfg = Release|Any CPU
		{1887BA8E-5ACD-4CE8-9432-6D1BDD86EB59}.Release|Any CPU.Build.0 = Release|Any CPU
	EndGlobalSection
	GlobalSection(SolutionProperties) = preSolution
		HideSolutionNode = FALSE
	EndGlobalSection
	GlobalSection(ExtensibilityGlobals) = postSolution
		SolutionGuid = {7A89249F-906E-442D-A02D-35A35C1FCDA6}
	EndGlobalSection
EndGlobal
